
Microsoft Visual Studio Solution File, Format Version 12.00
# Visual Studio Version 17
VisualStudioVersion = 17.7.34024.191
MinimumVisualStudioVersion = 10.0.40219.1
Project("{9A19103F-16F7-4668-BE54-9A1E7A4F7556}") = "Euronext.Weather", "Euronext.Weather\Euronext.Weather.csproj", "{A7DE9062-E2A8-4D63-8AE7-BC2A4ED908C2}"
EndProject
Project("{9A19103F-16F7-4668-BE54-9A1E7A4F7556}") = "Euronext.Weather.Tests", "Euronext.Weather.Tests\Euronext.Weather.Tests.csproj", "{C4A045B0-BA64-46F3-A8BD-B3A6E30564E3}"
EndProject
Project("{2150E333-8FDC-42A3-9474-1A3956D46DE8}") = "Solution Items", "Solution Items", "{8FDE72FE-67FE-4108-9210-AF1BC9FAA7B8}"
	ProjectSection(SolutionItems) = preProject
		README.md = README.md
	EndProjectSection
EndProject
Global
	GlobalSection(SolutionConfigurationPlatforms) = preSolution
		Debug|Any CPU = Debug|Any CPU
		Release|Any CPU = Release|Any CPU
	EndGlobalSection
	GlobalSection(ProjectConfigurationPlatforms) = postSolution
		{A7DE9062-E2A8-4D63-8AE7-BC2A4ED908C2}.Debug|Any CPU.ActiveCfg = Debug|Any CPU
		{A7DE9062-E2A8-4D63-8AE7-BC2A4ED908C2}.Debug|Any CPU.Build.0 = Debug|Any CPU
		{A7DE9062-E2A8-4D63-8AE7-BC2A4ED908C2}.Release|Any CPU.ActiveCfg = Release|Any CPU
		{A7DE9062-E2A8-4D63-8AE7-BC2A4ED908C2}.Release|Any CPU.Build.0 = Release|Any CPU
		{C4A045B0-BA64-46F3-A8BD-B3A6E30564E3}.Debug|Any CPU.ActiveCfg = Debug|Any CPU
		{C4A045B0-BA64-46F3-A8BD-B3A6E30564E3}.Debug|Any CPU.Build.0 = Debug|Any CPU
		{C4A045B0-BA64-46F3-A8BD-B3A6E30564E3}.Release|Any CPU.ActiveCfg = Release|Any CPU
		{C4A045B0-BA64-46F3-A8BD-B3A6E30564E3}.Release|Any CPU.Build.0 = Release|Any CPU
	EndGlobalSection
	GlobalSection(SolutionProperties) = preSolution
		HideSolutionNode = FALSE
	EndGlobalSection
	GlobalSection(ExtensibilityGlobals) = postSolution
		SolutionGuid = {BCE2CCD5-F2B3-4594-ADE3-5193A43A01BB}
	EndGlobalSection
EndGlobal
